
Microsoft Visual Studio Solution File, Format Version 12.00
# Visual Studio Version 17
VisualStudioVersion = 17.1.32414.318
MinimumVisualStudioVersion = 10.0.40219.1
Project("{9A19103F-16F7-4668-BE54-9A1E7A4F7556}") = "PizzaDelivery.Models", "PizzaDelivery.Models\PizzaDelivery.Models.csproj", "{09AE467F-B0F4-4193-97D9-C278CAD1CA82}"
EndProject
Project("{2150E333-8FDC-42A3-9474-1A3956D46DE8}") = "Backend", "Backend", "{FA4EAFA8-353C-4146-A8A1-38E22E21B136}"
EndProject
Project("{2150E333-8FDC-42A3-9474-1A3956D46DE8}") = "Frontend", "Frontend", "{68D70E3A-609F-4F7B-8836-4D1FAB706B3D}"
EndProject
Project("{2150E333-8FDC-42A3-9474-1A3956D46DE8}") = "Others", "Others", "{03FA7BFE-D682-435D-9720-471D27018344}"
	ProjectSection(SolutionItems) = preProject
		.gitignore = .gitignore
	EndProjectSection
EndProject
Project("{2150E333-8FDC-42A3-9474-1A3956D46DE8}") = "Shared", "Shared", "{708DF9A8-C447-4E63-ABEE-E39370C808AA}"
EndProject
Project("{9A19103F-16F7-4668-BE54-9A1E7A4F7556}") = "PizzaDelivery.Data", "PizzaDelivery.Data\PizzaDelivery.Data.csproj", "{4D5233C7-A0AC-4BBF-AA83-DF399BDCEC91}"
EndProject
Project("{9A19103F-16F7-4668-BE54-9A1E7A4F7556}") = "PizzaDelivery.WpfClient", "PizzaDelivery.WpfClient\PizzaDelivery.WpfClient.csproj", "{33E79C80-E784-45F4-87D9-8007D0E98B00}"
EndProject
Global
	GlobalSection(SolutionConfigurationPlatforms) = preSolution
		Debug|Any CPU = Debug|Any CPU
		Release|Any CPU = Release|Any CPU
	EndGlobalSection
	GlobalSection(ProjectConfigurationPlatforms) = postSolution
		{09AE467F-B0F4-4193-97D9-C278CAD1CA82}.Debug|Any CPU.ActiveCfg = Debug|Any CPU
		{09AE467F-B0F4-4193-97D9-C278CAD1CA82}.Debug|Any CPU.Build.0 = Debug|Any CPU
		{09AE467F-B0F4-4193-97D9-C278CAD1CA82}.Release|Any CPU.ActiveCfg = Release|Any CPU
		{09AE467F-B0F4-4193-97D9-C278CAD1CA82}.Release|Any CPU.Build.0 = Release|Any CPU
		{4D5233C7-A0AC-4BBF-AA83-DF399BDCEC91}.Debug|Any CPU.ActiveCfg = Debug|Any CPU
		{4D5233C7-A0AC-4BBF-AA83-DF399BDCEC91}.Debug|Any CPU.Build.0 = Debug|Any CPU
		{4D5233C7-A0AC-4BBF-AA83-DF399BDCEC91}.Release|Any CPU.ActiveCfg = Release|Any CPU
		{4D5233C7-A0AC-4BBF-AA83-DF399BDCEC91}.Release|Any CPU.Build.0 = Release|Any CPU
		{33E79C80-E784-45F4-87D9-8007D0E98B00}.Debug|Any CPU.ActiveCfg = Debug|Any CPU
		{33E79C80-E784-45F4-87D9-8007D0E98B00}.Debug|Any CPU.Build.0 = Debug|Any CPU
		{33E79C80-E784-45F4-87D9-8007D0E98B00}.Release|Any CPU.ActiveCfg = Release|Any CPU
		{33E79C80-E784-45F4-87D9-8007D0E98B00}.Release|Any CPU.Build.0 = Release|Any CPU
	EndGlobalSection
	GlobalSection(SolutionProperties) = preSolution
		HideSolutionNode = FALSE
	EndGlobalSection
	GlobalSection(NestedProjects) = preSolution
		{09AE467F-B0F4-4193-97D9-C278CAD1CA82} = {708DF9A8-C447-4E63-ABEE-E39370C808AA}
		{4D5233C7-A0AC-4BBF-AA83-DF399BDCEC91} = {FA4EAFA8-353C-4146-A8A1-38E22E21B136}
		{33E79C80-E784-45F4-87D9-8007D0E98B00} = {68D70E3A-609F-4F7B-8836-4D1FAB706B3D}
	EndGlobalSection
	GlobalSection(ExtensibilityGlobals) = postSolution
		SolutionGuid = {4A61155D-D52B-43DA-A0BE-819E39C1BDC3}
	EndGlobalSection
EndGlobal
